
Microsoft Visual Studio Solution File, Format Version 12.00
# Visual Studio Version 16
VisualStudioVersion = 16.0.29519.87
MinimumVisualStudioVersion = 10.0.40219.1
Project("{FAE04EC0-301F-11D3-BF4B-00C04F79EFBC}") = "App0909", "App0909\App0909.csproj", "{625E6D51-C39D-4C04-B072-A2D5729A7EFE}"
EndProject
Global
	GlobalSection(SolutionConfigurationPlatforms) = preSolution
		Debug|Any CPU = Debug|Any CPU
		Release|Any CPU = Release|Any CPU
	EndGlobalSection
	GlobalSection(ProjectConfigurationPlatforms) = postSolution
		{625E6D51-C39D-4C04-B072-A2D5729A7EFE}.Debug|Any CPU.ActiveCfg = Debug|Any CPU
		{625E6D51-C39D-4C04-B072-A2D5729A7EFE}.Debug|Any CPU.Build.0 = Debug|Any CPU
		{625E6D51-C39D-4C04-B072-A2D5729A7EFE}.Release|Any CPU.ActiveCfg = Release|Any CPU
		{625E6D51-C39D-4C04-B072-A2D5729A7EFE}.Release|Any CPU.Build.0 = Release|Any CPU
	EndGlobalSection
	GlobalSection(SolutionProperties) = preSolution
		HideSolutionNode = FALSE
	EndGlobalSection
	GlobalSection(ExtensibilityGlobals) = postSolution
		SolutionGuid = {66C3EFC8-79A6-45A8-92E6-D5F67F642C89}
	EndGlobalSection
EndGlobal
