
Microsoft Visual Studio Solution File, Format Version 12.00
# Visual Studio Version 16
VisualStudioVersion = 16.0.30711.63
MinimumVisualStudioVersion = 10.0.40219.1
Project("{FAE04EC0-301F-11D3-BF4B-00C04F79EFBC}") = "AppSort", "AppSort\AppSort.csproj", "{BBF58DD1-C9BE-447E-AA4F-BAC7E270CDDA}"
EndProject
Global
	GlobalSection(SolutionConfigurationPlatforms) = preSolution
		Debug|Any CPU = Debug|Any CPU
		Release|Any CPU = Release|Any CPU
	EndGlobalSection
	GlobalSection(ProjectConfigurationPlatforms) = postSolution
		{BBF58DD1-C9BE-447E-AA4F-BAC7E270CDDA}.Debug|Any CPU.ActiveCfg = Debug|Any CPU
		{BBF58DD1-C9BE-447E-AA4F-BAC7E270CDDA}.Debug|Any CPU.Build.0 = Debug|Any CPU
		{BBF58DD1-C9BE-447E-AA4F-BAC7E270CDDA}.Release|Any CPU.ActiveCfg = Release|Any CPU
		{BBF58DD1-C9BE-447E-AA4F-BAC7E270CDDA}.Release|Any CPU.Build.0 = Release|Any CPU
	EndGlobalSection
	GlobalSection(SolutionProperties) = preSolution
		HideSolutionNode = FALSE
	EndGlobalSection
	GlobalSection(ExtensibilityGlobals) = postSolution
		SolutionGuid = {47EF4E02-7E7B-49D3-B7FE-15AD612D7BA7}
	EndGlobalSection
EndGlobal
