
Microsoft Visual Studio Solution File, Format Version 12.00
# Visual Studio Version 16
VisualStudioVersion = 16.0.29519.87
MinimumVisualStudioVersion = 10.0.40219.1
Project("{FAE04EC0-301F-11D3-BF4B-00C04F79EFBC}") = "ArrayApp", "ArrayApp\ArrayApp.csproj", "{C7E8216E-C59C-44D0-85A0-CB0D487326CF}"
EndProject
Global
	GlobalSection(SolutionConfigurationPlatforms) = preSolution
		Debug|Any CPU = Debug|Any CPU
		Release|Any CPU = Release|Any CPU
	EndGlobalSection
	GlobalSection(ProjectConfigurationPlatforms) = postSolution
		{C7E8216E-C59C-44D0-85A0-CB0D487326CF}.Debug|Any CPU.ActiveCfg = Debug|Any CPU
		{C7E8216E-C59C-44D0-85A0-CB0D487326CF}.Debug|Any CPU.Build.0 = Debug|Any CPU
		{C7E8216E-C59C-44D0-85A0-CB0D487326CF}.Release|Any CPU.ActiveCfg = Release|Any CPU
		{C7E8216E-C59C-44D0-85A0-CB0D487326CF}.Release|Any CPU.Build.0 = Release|Any CPU
	EndGlobalSection
	GlobalSection(SolutionProperties) = preSolution
		HideSolutionNode = FALSE
	EndGlobalSection
	GlobalSection(ExtensibilityGlobals) = postSolution
		SolutionGuid = {D674C58F-783E-467E-B8B8-155279B854B2}
	EndGlobalSection
EndGlobal
